
Microsoft Visual Studio Solution File, Format Version 12.00
# Visual Studio Version 17
VisualStudioVersion = 17.4.33403.182
MinimumVisualStudioVersion = 10.0.40219.1
Project("{FAE04EC0-301F-11D3-BF4B-00C04F79EFBC}") = "Employee Management System", "ABC Co-operation\Employee Management System.csproj", "{E4AD680A-2815-4502-A282-42E02E02A1D3}"
EndProject
Global
	GlobalSection(SolutionConfigurationPlatforms) = preSolution
		Debug|Any CPU = Debug|Any CPU
		Debug|x64 = Debug|x64
		Release|Any CPU = Release|Any CPU
		Release|x64 = Release|x64
	EndGlobalSection
	GlobalSection(ProjectConfigurationPlatforms) = postSolution
		{E4AD680A-2815-4502-A282-42E02E02A1D3}.Debug|Any CPU.ActiveCfg = Debug|Any CPU
		{E4AD680A-2815-4502-A282-42E02E02A1D3}.Debug|Any CPU.Build.0 = Debug|Any CPU
		{E4AD680A-2815-4502-A282-42E02E02A1D3}.Debug|x64.ActiveCfg = Debug|x64
		{E4AD680A-2815-4502-A282-42E02E02A1D3}.Debug|x64.Build.0 = Debug|x64
		{E4AD680A-2815-4502-A282-42E02E02A1D3}.Release|Any CPU.ActiveCfg = Release|Any CPU
		{E4AD680A-2815-4502-A282-42E02E02A1D3}.Release|Any CPU.Build.0 = Release|Any CPU
		{E4AD680A-2815-4502-A282-42E02E02A1D3}.Release|x64.ActiveCfg = Release|x64
		{E4AD680A-2815-4502-A282-42E02E02A1D3}.Release|x64.Build.0 = Release|x64
	EndGlobalSection
	GlobalSection(SolutionProperties) = preSolution
		HideSolutionNode = FALSE
	EndGlobalSection
	GlobalSection(ExtensibilityGlobals) = postSolution
		SolutionGuid = {09A1CF47-F6BF-402E-A796-B11B007A9109}
	EndGlobalSection
EndGlobal
